// !$*UTF8*$!
{
	archiveVersion = 1;
	classes = {
	};
	objectVersion = 55;
	objects = {

/* Begin PBXBuildFile section */
		8A2A38EE2840ED220045B411 /* libdtdev.a in Frameworks */ = {isa = PBXBuildFile; fileRef = 8A2A38EC2840ED220045B411 /* libdtdev.a */; };
		8A7A9E1F283F86BD001B0B0C /* AppDelegate.swift in Sources */ = {isa = PBXBuildFile; fileRef = 8A7A9E1E283F86BD001B0B0C /* AppDelegate.swift */; };
		8A7A9E21283F86BD001B0B0C /* SceneDelegate.swift in Sources */ = {isa = PBXBuildFile; fileRef = 8A7A9E20283F86BD001B0B0C /* SceneDelegate.swift */; };
		8A7A9E23283F86BD001B0B0C /* ViewController.swift in Sources */ = {isa = PBXBuildFile; fileRef = 8A7A9E22283F86BD001B0B0C /* ViewController.swift */; };
		8A7A9E26283F86BD001B0B0C /* Main.storyboard in Resources */ = {isa = PBXBuildFile; fileRef = 8A7A9E24283F86BD001B0B0C /* Main.storyboard */; };
		8A7A9E28283F86BE001B0B0C /* Assets.xcassets in Resources */ = {isa = PBXBuildFile; fileRef = 8A7A9E27283F86BE001B0B0C /* Assets.xcassets */; };
		8A7A9E2B283F86BE001B0B0C /* LaunchScreen.storyboard in Resources */ = {isa = PBXBuildFile; fileRef = 8A7A9E29283F86BE001B0B0C /* LaunchScreen.storyboard */; };
		8A7A9E34283F8762001B0B0C /* ExternalAccessory.framework in Frameworks */ = {isa = PBXBuildFile; fileRef = 8A7A9E33283F8762001B0B0C /* ExternalAccessory.framework */; };
/* End PBXBuildFile section */

/* Begin PBXFileReference section */
		8A2A38EC2840ED220045B411 /* libdtdev.a */ = {isa = PBXFileReference; lastKnownFileType = archive.ar; path = libdtdev.a; sourceTree = "<group>"; };
		8A2A38ED2840ED220045B411 /* DTDevices.h */ = {isa = PBXFileReference; fileEncoding = 4; lastKnownFileType = sourcecode.c.h; path = DTDevices.h; sourceTree = "<group>"; };
		8A7A9E1B283F86BD001B0B0C /* lineaproplayground.app */ = {isa = PBXFileReference; explicitFileType = wrapper.application; includeInIndex = 0; path = lineaproplayground.app; sourceTree = BUILT_PRODUCTS_DIR; };
		8A7A9E1E283F86BD001B0B0C /* AppDelegate.swift */ = {isa = PBXFileReference; lastKnownFileType = sourcecode.swift; path = AppDelegate.swift; sourceTree = "<group>"; };
		8A7A9E20283F86BD001B0B0C /* SceneDelegate.swift */ = {isa = PBXFileReference; lastKnownFileType = sourcecode.swift; path = SceneDelegate.swift; sourceTree = "<group>"; };
		8A7A9E22283F86BD001B0B0C /* ViewController.swift */ = {isa = PBXFileReference; lastKnownFileType = sourcecode.swift; path = ViewController.swift; sourceTree = "<group>"; };
		8A7A9E25283F86BD001B0B0C /* Base */ = {isa = PBXFileReference; lastKnownFileType = file.storyboard; name = Base; path = Base.lproj/Main.storyboard; sourceTree = "<group>"; };
		8A7A9E27283F86BE001B0B0C /* Assets.xcassets */ = {isa = PBXFileReference; lastKnownFileType = folder.assetcatalog; path = Assets.xcassets; sourceTree = "<group>"; };
		8A7A9E2A283F86BE001B0B0C /* Base */ = {isa = PBXFileReference; lastKnownFileType = file.storyboard; name = Base; path = Base.lproj/LaunchScreen.storyboard; sourceTree = "<group>"; };
		8A7A9E2C283F86BE001B0B0C /* Info.plist */ = {isa = PBXFileReference; lastKnownFileType = text.plist.xml; path = Info.plist; sourceTree = "<group>"; };
		8A7A9E33283F8762001B0B0C /* ExternalAccessory.framework */ = {isa = PBXFileReference; lastKnownFileType = wrapper.framework; name = ExternalAccessory.framework; path = System/Library/Frameworks/ExternalAccessory.framework; sourceTree = SDKROOT; };
/* End PBXFileReference section */

/* Begin PBXFrameworksBuildPhase section */
		8A7A9E18283F86BD001B0B0C /* Frameworks */ = {
			isa = PBXFrameworksBuildPhase;
			buildActionMask = 2147483647;
			files = (
				8A7A9E34283F8762001B0B0C /* ExternalAccessory.framework in Frameworks */,
				8A2A38EE2840ED220045B411 /* libdtdev.a in Frameworks */,
			);
			runOnlyForDeploymentPostprocessing = 0;
		};
/* End PBXFrameworksBuildPhase section */

/* Begin PBXGroup section */
		8A7A9E12283F86BD001B0B0C = {
			isa = PBXGroup;
			children = (
				8A2A38ED2840ED220045B411 /* DTDevices.h */,
				8A2A38EC2840ED220045B411 /* libdtdev.a */,
				8A7A9E1D283F86BD001B0B0C /* lineaproplayground */,
				8A7A9E1C283F86BD001B0B0C /* Products */,
				8A7A9E32283F8762001B0B0C /* Frameworks */,
			);
			sourceTree = "<group>";
		};
		8A7A9E1C283F86BD001B0B0C /* Products */ = {
			isa = PBXGroup;
			children = (
				8A7A9E1B283F86BD001B0B0C /* lineaproplayground.app */,
			);
			name = Products;
			sourceTree = "<group>";
		};
		8A7A9E1D283F86BD001B0B0C /* lineaproplayground */ = {
			isa = PBXGroup;
			children = (
				8A7A9E1E283F86BD001B0B0C /* AppDelegate.swift */,
				8A7A9E20283F86BD001B0B0C /* SceneDelegate.swift */,
				8A7A9E22283F86BD001B0B0C /* ViewController.swift */,
				8A7A9E24283F86BD001B0B0C /* Main.storyboard */,
				8A7A9E27283F86BE001B0B0C /* Assets.xcassets */,
				8A7A9E29283F86BE001B0B0C /* LaunchScreen.storyboard */,
				8A7A9E2C283F86BE001B0B0C /* Info.plist */,
			);
			path = lineaproplayground;
			sourceTree = "<group>";
		};
		8A7A9E32283F8762001B0B0C /* Frameworks */ = {
			isa = PBXGroup;
			children = (
				8A7A9E33283F8762001B0B0C /* ExternalAccessory.framework */,
			);
			name = Frameworks;
			sourceTree = "<group>";
		};
/* End PBXGroup section */

/* Begin PBXNativeTarget section */
		8A7A9E1A283F86BD001B0B0C /* lineaproplayground */ = {
			isa = PBXNativeTarget;
			buildConfigurationList = 8A7A9E2F283F86BE001B0B0C /* Build configuration list for PBXNativeTarget "lineaproplayground" */;
			buildPhases = (
				8A7A9E17283F86BD001B0B0C /* Sources */,
				8A7A9E18283F86BD001B0B0C /* Frameworks */,
				8A7A9E19283F86BD001B0B0C /* Resources */,
			);
			buildRules = (
			);
			dependencies = (
			);
			name = lineaproplayground;
			productName = lineaproplayground;
			productReference = 8A7A9E1B283F86BD001B0B0C /* lineaproplayground.app */;
			productType = "com.apple.product-type.application";
		};
/* End PBXNativeTarget section */

/* Begin PBXProject section */
		8A7A9E13283F86BD001B0B0C /* Project object */ = {
			isa = PBXProject;
			attributes = {
				BuildIndependentTargetsInParallel = 1;
				LastSwiftUpdateCheck = 1330;
				LastUpgradeCheck = 1330;
				TargetAttributes = {
					8A7A9E1A283F86BD001B0B0C = {
						CreatedOnToolsVersion = 13.3.1;
					};
				};
			};
			buildConfigurationList = 8A7A9E16283F86BD001B0B0C /* Build configuration list for PBXProject "lineaproplayground" */;
			compatibilityVersion = "Xcode 13.0";
			developmentRegion = en;
			hasScannedForEncodings = 0;
			knownRegions = (
				en,
				Base,
			);
			mainGroup = 8A7A9E12283F86BD001B0B0C;
			productRefGroup = 8A7A9E1C283F86BD001B0B0C /* Products */;
			projectDirPath = "";
			projectRoot = "";
			targets = (
				8A7A9E1A283F86BD001B0B0C /* lineaproplayground */,
			);
		};
/* End PBXProject section */

/* Begin PBXResourcesBuildPhase section */
		8A7A9E19283F86BD001B0B0C /* Resources */ = {
			isa = PBXResourcesBuildPhase;
			buildActionMask = 2147483647;
			files = (
				8A7A9E2B283F86BE001B0B0C /* LaunchScreen.storyboard in Resources */,
				8A7A9E28283F86BE001B0B0C /* Assets.xcassets in Resources */,
				8A7A9E26283F86BD001B0B0C /* Main.storyboard in Resources */,
			);
			runOnlyForDeploymentPostprocessing = 0;
		};
/* End PBXResourcesBuildPhase section */

/* Begin PBXSourcesBuildPhase section */
		8A7A9E17283F86BD001B0B0C /* Sources */ = {
			isa = PBXSourcesBuildPhase;
			buildActionMask = 2147483647;
			files = (
				8A7A9E23283F86BD001B0B0C /* ViewController.swift in Sources */,
				8A7A9E1F283F86BD001B0B0C /* AppDelegate.swift in Sources */,
				8A7A9E21283F86BD001B0B0C /* SceneDelegate.swift in Sources */,
			);
			runOnlyForDeploymentPostprocessing = 0;
		};
/* End PBXSourcesBuildPhase section */

/* Begin PBXVariantGroup section */
		8A7A9E24283F86BD001B0B0C /* Main.storyboard */ = {
			isa = PBXVariantGroup;
			children = (
				8A7A9E25283F86BD001B0B0C /* Base */,
			);
			name = Main.storyboard;
			sourceTree = "<group>";
		};
		8A7A9E29283F86BE001B0B0C /* LaunchScreen.storyboard */ = {
			isa = PBXVariantGroup;
			children = (
				8A7A9E2A283F86BE001B0B0C /* Base */,
			);
			name = LaunchScreen.storyboard;
			sourceTree = "<group>";
		};
/* End PBXVariantGroup section */

/* Begin XCBuildConfiguration section */
		8A7A9E2D283F86BE001B0B0C /* Debug */ = {
			isa = XCBuildConfiguration;
			buildSettings = {
				ALWAYS_SEARCH_USER_PATHS = NO;
				CLANG_ANALYZER_NONNULL = YES;
				CLANG_ANALYZER_NUMBER_OBJECT_CONVERSION = YES_AGGRESSIVE;
				CLANG_CXX_LANGUAGE_STANDARD = "gnu++17";
				CLANG_ENABLE_MODULES = YES;
				CLANG_ENABLE_OBJC_ARC = YES;
				CLANG_ENABLE_OBJC_WEAK = YES;
				CLANG_WARN_BLOCK_CAPTURE_AUTORELEASING = YES;
				CLANG_WARN_BOOL_CONVERSION = YES;
				CLANG_WARN_COMMA = YES;
				CLANG_WARN_CONSTANT_CONVERSION = YES;
				CLANG_WARN_DEPRECATED_OBJC_IMPLEMENTATIONS = YES;
				CLANG_WARN_DIRECT_OBJC_ISA_USAGE = YES_ERROR;
				CLANG_WARN_DOCUMENTATION_COMMENTS = YES;
				CLANG_WARN_EMPTY_BODY = YES;
				CLANG_WARN_ENUM_CONVERSION = YES;
				CLANG_WARN_INFINITE_RECURSION = YES;
				CLANG_WARN_INT_CONVERSION = YES;
				CLANG_WARN_NON_LITERAL_NULL_CONVERSION = YES;
				CLANG_WARN_OBJC_IMPLICIT_RETAIN_SELF = YES;
				CLANG_WARN_OBJC_LITERAL_CONVERSION = YES;
				CLANG_WARN_OBJC_ROOT_CLASS = YES_ERROR;
				CLANG_WARN_QUOTED_INCLUDE_IN_FRAMEWORK_HEADER = YES;
				CLANG_WARN_RANGE_LOOP_ANALYSIS = YES;
				CLANG_WARN_STRICT_PROTOTYPES = YES;
				CLANG_WARN_SUSPICIOUS_MOVE = YES;
				CLANG_WARN_UNGUARDED_AVAILABILITY = YES_AGGRESSIVE;
				CLANG_WARN_UNREACHABLE_CODE = YES;
				CLANG_WARN__DUPLICATE_METHOD_MATCH = YES;
				COPY_PHASE_STRIP = NO;
				DEBUG_INFORMATION_FORMAT = dwarf;
				ENABLE_BITCODE = YES;
				ENABLE_STRICT_OBJC_MSGSEND = YES;
				ENABLE_TESTABILITY = YES;
				GCC_C_LANGUAGE_STANDARD = gnu11;
				GCC_DYNAMIC_NO_PIC = NO;
				GCC_NO_COMMON_BLOCKS = YES;
				GCC_OPTIMIZATION_LEVEL = 0;
				GCC_PREPROCESSOR_DEFINITIONS = (
					"DEBUG=1",
					"$(inherited)",
				);
				GCC_WARN_64_TO_32_BIT_CONVERSION = YES;
				GCC_WARN_ABOUT_RETURN_TYPE = YES_ERROR;
				GCC_WARN_UNDECLARED_SELECTOR = YES;
				GCC_WARN_UNINITIALIZED_AUTOS = YES_AGGRESSIVE;
				GCC_WARN_UNUSED_FUNCTION = YES;
				GCC_WARN_UNUSED_VARIABLE = YES;
				IPHONEOS_DEPLOYMENT_TARGET = 13.0;
				MTL_ENABLE_DEBUG_INFO = INCLUDE_SOURCE;
				MTL_FAST_MATH = YES;
				ONLY_ACTIVE_ARCH = YES;
				SDKROOT = iphoneos;
				SWIFT_ACTIVE_COMPILATION_CONDITIONS = DEBUG;
				SWIFT_OPTIMIZATION_LEVEL = "-Onone";
			};
			name = Debug;
		};
		8A7A9E2E283F86BE001B0B0C /* Release */ = {
			isa = XCBuildConfiguration;
			buildSettings = {
				ALWAYS_SEARCH_USER_PATHS = NO;
				CLANG_ANALYZER_NONNULL = YES;
				CLANG_ANALYZER_NUMBER_OBJECT_CONVERSION = YES_AGGRESSIVE;
				CLANG_CXX_LANGUAGE_STANDARD = "gnu++17";
				CLANG_ENABLE_MODULES = YES;
				CLANG_ENABLE_OBJC_ARC = YES;
				CLANG_ENABLE_OBJC_WEAK = YES;
				CLANG_WARN_BLOCK_CAPTURE_AUTORELEASING = YES;
				CLANG_WARN_BOOL_CONVERSION = YES;
				CLANG_WARN_COMMA = YES;
				CLANG_WARN_CONSTANT_CONVERSION = YES;
				CLANG_WARN_DEPRECATED_OBJC_IMPLEMENTATIONS = YES;
				CLANG_WARN_DIRECT_OBJC_ISA_USAGE = YES_ERROR;
				CLANG_WARN_DOCUMENTATION_COMMENTS = YES;
				CLANG_WARN_EMPTY_BODY = YES;
				CLANG_WARN_ENUM_CONVERSION = YES;
				CLANG_WARN_INFINITE_RECURSION = YES;
				CLANG_WARN_INT_CONVERSION = YES;
				CLANG_WARN_NON_LITERAL_NULL_CONVERSION = YES;
				CLANG_WARN_OBJC_IMPLICIT_RETAIN_SELF = YES;
				CLANG_WARN_OBJC_LITERAL_CONVERSION = YES;
				CLANG_WARN_OBJC_ROOT_CLASS = YES_ERROR;
				CLANG_WARN_QUOTED_INCLUDE_IN_FRAMEWORK_HEADER = YES;
				CLANG_WARN_RANGE_LOOP_ANALYSIS = YES;
				CLANG_WARN_STRICT_PROTOTYPES = YES;
				CLANG_WARN_SUSPICIOUS_MOVE = YES;
				CLANG_WARN_UNGUARDED_AVAILABILITY = YES_AGGRESSIVE;
				CLANG_WARN_UNREACHABLE_CODE = YES;
				CLANG_WARN__DUPLICATE_METHOD_MATCH = YES;
				COPY_PHASE_STRIP = NO;
				DEBUG_INFORMATION_FORMAT = "dwarf-with-dsym";
				ENABLE_BITCODE = YES;
				ENABLE_NS_ASSERTIONS = NO;
				ENABLE_STRICT_OBJC_MSGSEND = YES;
				GCC_C_LANGUAGE_STANDARD = gnu11;
				GCC_NO_COMMON_BLOCKS = YES;
				GCC_WARN_64_TO_32_BIT_CONVERSION = YES;
				GCC_WARN_ABOUT_RETURN_TYPE = YES_ERROR;
				GCC_WARN_UNDECLARED_SELECTOR = YES;
				GCC_WARN_UNINITIALIZED_AUTOS = YES_AGGRESSIVE;
				GCC_WARN_UNUSED_FUNCTION = YES;
				GCC_WARN_UNUSED_VARIABLE = YES;
				IPHONEOS_DEPLOYMENT_TARGET = 13.0;
				MTL_ENABLE_DEBUG_INFO = NO;
				MTL_FAST_MATH = YES;
				SDKROOT = iphoneos;
				SWIFT_COMPILATION_MODE = wholemodule;
				SWIFT_OPTIMIZATION_LEVEL = "-O";
				VALIDATE_PRODUCT = YES;
			};
			name = Release;
		};
		8A7A9E30283F86BE001B0B0C /* Debug */ = {
			isa = XCBuildConfiguration;
			buildSettings = {
				ASSETCATALOG_COMPILER_APPICON_NAME = AppIcon;
				ASSETCATALOG_COMPILER_GLOBAL_ACCENT_COLOR_NAME = AccentColor;
				CODE_SIGN_STYLE = Automatic;
				CURRENT_PROJECT_VERSION = 1;
				DEVELOPMENT_TEAM = FARMVF6MG7;
				GENERATE_INFOPLIST_FILE = YES;
				INFOPLIST_FILE = lineaproplayground/Info.plist;
				INFOPLIST_KEY_UIApplicationSupportsIndirectInputEvents = YES;
				INFOPLIST_KEY_UILaunchStoryboardName = LaunchScreen;
				INFOPLIST_KEY_UIMainStoryboardFile = Main;
				INFOPLIST_KEY_UISupportedInterfaceOrientations_iPad = "UIInterfaceOrientationPortrait UIInterfaceOrientationPortraitUpsideDown UIInterfaceOrientationLandscapeLeft UIInterfaceOrientationLandscapeRight";
				INFOPLIST_KEY_UISupportedInterfaceOrientations_iPhone = "UIInterfaceOrientationPortrait UIInterfaceOrientationLandscapeLeft UIInterfaceOrientationLandscapeRight";
				LD_RUNPATH_SEARCH_PATHS = (
					"$(inherited)",
					"@executable_path/Frameworks",
				);
				LIBRARY_SEARCH_PATHS = (
					"$(inherited)",
					"$(PROJECT_DIR)",
				);
				MARKETING_VERSION = 1.0;
				PRODUCT_BUNDLE_IDENTIFIER = dev.home.lineaproplayground;
				PRODUCT_NAME = "$(TARGET_NAME)";
				SWIFT_EMIT_LOC_STRINGS = YES;
				"SWIFT_OBJC_BRIDGING_HEADER[arch=*]" = DTDevices.h;
				SWIFT_VERSION = 5.0;
				TARGETED_DEVICE_FAMILY = "1,2";
			};
			name = Debug;
		};
		8A7A9E31283F86BE001B0B0C /* Release */ = {
			isa = XCBuildConfiguration;
			buildSettings = {
				ASSETCATALOG_COMPILER_APPICON_NAME = AppIcon;
				ASSETCATALOG_COMPILER_GLOBAL_ACCENT_COLOR_NAME = AccentColor;
				CODE_SIGN_STYLE = Automatic;
				CURRENT_PROJECT_VERSION = 1;
				DEVELOPMENT_TEAM = FARMVF6MG7;
				GENERATE_INFOPLIST_FILE = YES;
				INFOPLIST_FILE = lineaproplayground/Info.plist;
				INFOPLIST_KEY_UIApplicationSupportsIndirectInputEvents = YES;
				INFOPLIST_KEY_UILaunchStoryboardName = LaunchScreen;
				INFOPLIST_KEY_UIMainStoryboardFile = Main;
				INFOPLIST_KEY_UISupportedInterfaceOrientations_iPad = "UIInterfaceOrientationPortrait UIInterfaceOrientationPortraitUpsideDown UIInterfaceOrientationLandscapeLeft UIInterfaceOrientationLandscapeRight";
				INFOPLIST_KEY_UISupportedInterfaceOrientations_iPhone = "UIInterfaceOrientationPortrait UIInterfaceOrientationLandscapeLeft UIInterfaceOrientationLandscapeRight";
				LD_RUNPATH_SEARCH_PATHS = (
					"$(inherited)",
					"@executable_path/Frameworks",
				);
				LIBRARY_SEARCH_PATHS = (
					"$(inherited)",
					"$(PROJECT_DIR)",
				);
				MARKETING_VERSION = 1.0;
				PRODUCT_BUNDLE_IDENTIFIER = dev.home.lineaproplayground;
				PRODUCT_NAME = "$(TARGET_NAME)";
				SWIFT_EMIT_LOC_STRINGS = YES;
				"SWIFT_OBJC_BRIDGING_HEADER[arch=*]" = DTDevices.h;
				SWIFT_VERSION = 5.0;
				TARGETED_DEVICE_FAMILY = "1,2";
			};
			name = Release;
		};
/* End XCBuildConfiguration section */

/* Begin XCConfigurationList section */
		8A7A9E16283F86BD001B0B0C /* Build configuration list for PBXProject "lineaproplayground" */ = {
			isa = XCConfigurationList;
			buildConfigurations = (
				8A7A9E2D283F86BE001B0B0C /* Debug */,
				8A7A9E2E283F86BE001B0B0C /* Release */,
			);
			defaultConfigurationIsVisible = 0;
			defaultConfigurationName = Release;
		};
		8A7A9E2F283F86BE001B0B0C /* Build configuration list for PBXNativeTarget "lineaproplayground" */ = {
			isa = XCConfigurationList;
			buildConfigurations = (
				8A7A9E30283F86BE001B0B0C /* Debug */,
				8A7A9E31283F86BE001B0B0C /* Release */,
			);
			defaultConfigurationIsVisible = 0;
			defaultConfigurationName = Release;
		};
/* End XCConfigurationList section */
	};
	rootObject = 8A7A9E13283F86BD001B0B0C /* Project object */;
}
